
Microsoft Visual Studio Solution File, Format Version 12.00
# Visual Studio Version 17
VisualStudioVersion = 17.7.34024.191
MinimumVisualStudioVersion = 10.0.40219.1
Project("{FAE04EC0-301F-11D3-BF4B-00C04F79EFBC}") = "Hometask4.1", "Hometask4.1\Hometask4.1.csproj", "{4DE9220F-1DB1-4D3C-9CB2-F98A28F8890F}"
EndProject
Project("{FAE04EC0-301F-11D3-BF4B-00C04F79EFBC}") = "Hometask4.2", "Hometask4.2\Hometask4.2.csproj", "{2458E554-94D9-4F9D-8339-5ED85043C346}"
EndProject
Project("{FAE04EC0-301F-11D3-BF4B-00C04F79EFBC}") = "Hometask4.3", "Hometask4.3\Hometask4.3.csproj", "{102C53C8-B133-4B2C-9EB8-0ABBA3856AEC}"
EndProject
Global
	GlobalSection(SolutionConfigurationPlatforms) = preSolution
		Debug|Any CPU = Debug|Any CPU
		Release|Any CPU = Release|Any CPU
	EndGlobalSection
	GlobalSection(ProjectConfigurationPlatforms) = postSolution
		{4DE9220F-1DB1-4D3C-9CB2-F98A28F8890F}.Debug|Any CPU.ActiveCfg = Debug|Any CPU
		{4DE9220F-1DB1-4D3C-9CB2-F98A28F8890F}.Debug|Any CPU.Build.0 = Debug|Any CPU
		{4DE9220F-1DB1-4D3C-9CB2-F98A28F8890F}.Release|Any CPU.ActiveCfg = Release|Any CPU
		{4DE9220F-1DB1-4D3C-9CB2-F98A28F8890F}.Release|Any CPU.Build.0 = Release|Any CPU
		{2458E554-94D9-4F9D-8339-5ED85043C346}.Debug|Any CPU.ActiveCfg = Debug|Any CPU
		{2458E554-94D9-4F9D-8339-5ED85043C346}.Debug|Any CPU.Build.0 = Debug|Any CPU
		{2458E554-94D9-4F9D-8339-5ED85043C346}.Release|Any CPU.ActiveCfg = Release|Any CPU
		{2458E554-94D9-4F9D-8339-5ED85043C346}.Release|Any CPU.Build.0 = Release|Any CPU
		{102C53C8-B133-4B2C-9EB8-0ABBA3856AEC}.Debug|Any CPU.ActiveCfg = Debug|Any CPU
		{102C53C8-B133-4B2C-9EB8-0ABBA3856AEC}.Debug|Any CPU.Build.0 = Debug|Any CPU
		{102C53C8-B133-4B2C-9EB8-0ABBA3856AEC}.Release|Any CPU.ActiveCfg = Release|Any CPU
		{102C53C8-B133-4B2C-9EB8-0ABBA3856AEC}.Release|Any CPU.Build.0 = Release|Any CPU
	EndGlobalSection
	GlobalSection(SolutionProperties) = preSolution
		HideSolutionNode = FALSE
	EndGlobalSection
	GlobalSection(ExtensibilityGlobals) = postSolution
		SolutionGuid = {33C2D4CB-126B-4A95-B27B-46B25972EF59}
	EndGlobalSection
EndGlobal
